// !$*UTF8*$!
{
	archiveVersion = 1;
	classes = {
	};
	objectVersion = 48;
	objects = {

/* Begin PBXBuildFile section */
		FCAAE7F22019B6FE0040EB8B /* AppDelegate.m in Sources */ = {isa = PBXBuildFile; fileRef = FCAAE7F12019B6FE0040EB8B /* AppDelegate.m */; };
		FCAAE7F52019B6FE0040EB8B /* ViewController.m in Sources */ = {isa = PBXBuildFile; fileRef = FCAAE7F42019B6FE0040EB8B /* ViewController.m */; };
		FCAAE7F82019B6FE0040EB8B /* Main.storyboard in Resources */ = {isa = PBXBuildFile; fileRef = FCAAE7F62019B6FE0040EB8B /* Main.storyboard */; };
		FCAAE7FA2019B6FE0040EB8B /* Assets.xcassets in Resources */ = {isa = PBXBuildFile; fileRef = FCAAE7F92019B6FE0040EB8B /* Assets.xcassets */; };
		FCAAE7FD2019B6FE0040EB8B /* LaunchScreen.storyboard in Resources */ = {isa = PBXBuildFile; fileRef = FCAAE7FB2019B6FE0040EB8B /* LaunchScreen.storyboard */; };
		FCAAE8002019B6FE0040EB8B /* main.m in Sources */ = {isa = PBXBuildFile; fileRef = FCAAE7FF2019B6FE0040EB8B /* main.m */; };
/* End PBXBuildFile section */

/* Begin PBXFileReference section */
		FCAAE7ED2019B6FE0040EB8B /* DVDGitPod.app */ = {isa = PBXFileReference; explicitFileType = wrapper.application; includeInIndex = 0; path = DVDGitPod.app; sourceTree = BUILT_PRODUCTS_DIR; };
		FCAAE7F02019B6FE0040EB8B /* AppDelegate.h */ = {isa = PBXFileReference; lastKnownFileType = sourcecode.c.h; path = AppDelegate.h; sourceTree = "<group>"; };
		FCAAE7F12019B6FE0040EB8B /* AppDelegate.m */ = {isa = PBXFileReference; lastKnownFileType = sourcecode.c.objc; path = AppDelegate.m; sourceTree = "<group>"; };
		FCAAE7F32019B6FE0040EB8B /* ViewController.h */ = {isa = PBXFileReference; lastKnownFileType = sourcecode.c.h; path = ViewController.h; sourceTree = "<group>"; };
		FCAAE7F42019B6FE0040EB8B /* ViewController.m */ = {isa = PBXFileReference; lastKnownFileType = sourcecode.c.objc; path = ViewController.m; sourceTree = "<group>"; };
		FCAAE7F72019B6FE0040EB8B /* Base */ = {isa = PBXFileReference; lastKnownFileType = file.storyboard; name = Base; path = Base.lproj/Main.storyboard; sourceTree = "<group>"; };
		FCAAE7F92019B6FE0040EB8B /* Assets.xcassets */ = {isa = PBXFileReference; lastKnownFileType = folder.assetcatalog; path = Assets.xcassets; sourceTree = "<group>"; };
		FCAAE7FC2019B6FE0040EB8B /* Base */ = {isa = PBXFileReference; lastKnownFileType = file.storyboard; name = Base; path = Base.lproj/LaunchScreen.storyboard; sourceTree = "<group>"; };
		FCAAE7FE2019B6FE0040EB8B /* Info.plist */ = {isa = PBXFileReference; lastKnownFileType = text.plist.xml; path = Info.plist; sourceTree = "<group>"; };
		FCAAE7FF2019B6FE0040EB8B /* main.m */ = {isa = PBXFileReference; lastKnownFileType = sourcecode.c.objc; path = main.m; sourceTree = "<group>"; };
/* End PBXFileReference section */

/* Begin PBXFrameworksBuildPhase section */
		FCAAE7EA2019B6FE0040EB8B /* Frameworks */ = {
			isa = PBXFrameworksBuildPhase;
			buildActionMask = 2147483647;
			files = (
			);
			runOnlyForDeploymentPostprocessing = 0;
		};
/* End PBXFrameworksBuildPhase section */

/* Begin PBXGroup section */
		FCAAE7E42019B6FE0040EB8B = {
			isa = PBXGroup;
			children = (
				FCAAE7EF2019B6FE0040EB8B /* DVDGitPod */,
				FCAAE7EE2019B6FE0040EB8B /* Products */,
			);
			sourceTree = "<group>";
		};
		FCAAE7EE2019B6FE0040EB8B /* Products */ = {
			isa = PBXGroup;
			children = (
				FCAAE7ED2019B6FE0040EB8B /* DVDGitPod.app */,
			);
			name = Products;
			sourceTree = "<group>";
		};
		FCAAE7EF2019B6FE0040EB8B /* DVDGitPod */ = {
			isa = PBXGroup;
			children = (
				FCAAE7F02019B6FE0040EB8B /* AppDelegate.h */,
				FCAAE7F12019B6FE0040EB8B /* AppDelegate.m */,
				FCAAE7F32019B6FE0040EB8B /* ViewController.h */,
				FCAAE7F42019B6FE0040EB8B /* ViewController.m */,
				FCAAE7F62019B6FE0040EB8B /* Main.storyboard */,
				FCAAE7F92019B6FE0040EB8B /* Assets.xcassets */,
				FCAAE7FB2019B6FE0040EB8B /* LaunchScreen.storyboard */,
				FCAAE7FE2019B6FE0040EB8B /* Info.plist */,
				FCAAE7FF2019B6FE0040EB8B /* main.m */,
			);
			path = DVDGitPod;
			sourceTree = "<group>";
		};
/* End PBXGroup section */

/* Begin PBXNativeTarget section */
		FCAAE7EC2019B6FE0040EB8B /* DVDGitPod */ = {
			isa = PBXNativeTarget;
			buildConfigurationList = FCAAE8032019B6FE0040EB8B /* Build configuration list for PBXNativeTarget "DVDGitPod" */;
			buildPhases = (
				FCAAE7E92019B6FE0040EB8B /* Sources */,
				FCAAE7EA2019B6FE0040EB8B /* Frameworks */,
				FCAAE7EB2019B6FE0040EB8B /* Resources */,
			);
			buildRules = (
			);
			dependencies = (
			);
			name = DVDGitPod;
			productName = DVDGitPod;
			productReference = FCAAE7ED2019B6FE0040EB8B /* DVDGitPod.app */;
			productType = "com.apple.product-type.application";
		};
/* End PBXNativeTarget section */

/* Begin PBXProject section */
		FCAAE7E52019B6FE0040EB8B /* Project object */ = {
			isa = PBXProject;
			attributes = {
				LastUpgradeCheck = 0920;
				ORGANIZATIONNAME = BraveTime;
				TargetAttributes = {
					FCAAE7EC2019B6FE0040EB8B = {
						CreatedOnToolsVersion = 9.2;
						ProvisioningStyle = Automatic;
					};
				};
			};
			buildConfigurationList = FCAAE7E82019B6FE0040EB8B /* Build configuration list for PBXProject "DVDGitPod" */;
			compatibilityVersion = "Xcode 8.0";
			developmentRegion = en;
			hasScannedForEncodings = 0;
			knownRegions = (
				en,
				Base,
			);
			mainGroup = FCAAE7E42019B6FE0040EB8B;
			productRefGroup = FCAAE7EE2019B6FE0040EB8B /* Products */;
			projectDirPath = "";
			projectRoot = "";
			targets = (
				FCAAE7EC2019B6FE0040EB8B /* DVDGitPod */,
			);
		};
/* End PBXProject section */

/* Begin PBXResourcesBuildPhase section */
		FCAAE7EB2019B6FE0040EB8B /* Resources */ = {
			isa = PBXResourcesBuildPhase;
			buildActionMask = 2147483647;
			files = (
				FCAAE7FD2019B6FE0040EB8B /* LaunchScreen.storyboard in Resources */,
				FCAAE7FA2019B6FE0040EB8B /* Assets.xcassets in Resources */,
				FCAAE7F82019B6FE0040EB8B /* Main.storyboard in Resources */,
			);
			runOnlyForDeploymentPostprocessing = 0;
		};
/* End PBXResourcesBuildPhase section */

/* Begin PBXSourcesBuildPhase section */
		FCAAE7E92019B6FE0040EB8B /* Sources */ = {
			isa = PBXSourcesBuildPhase;
			buildActionMask = 2147483647;
			files = (
				FCAAE7F52019B6FE0040EB8B /* ViewController.m in Sources */,
				FCAAE8002019B6FE0040EB8B /* main.m in Sources */,
				FCAAE7F22019B6FE0040EB8B /* AppDelegate.m in Sources */,
			);
			runOnlyForDeploymentPostprocessing = 0;
		};
/* End PBXSourcesBuildPhase section */

/* Begin PBXVariantGroup section */
		FCAAE7F62019B6FE0040EB8B /* Main.storyboard */ = {
			isa = PBXVariantGroup;
			children = (
				FCAAE7F72019B6FE0040EB8B /* Base */,
			);
			name = Main.storyboard;
			sourceTree = "<group>";
		};
		FCAAE7FB2019B6FE0040EB8B /* LaunchScreen.storyboard */ = {
			isa = PBXVariantGroup;
			children = (
				FCAAE7FC2019B6FE0040EB8B /* Base */,
			);
			name = LaunchScreen.storyboard;
			sourceTree = "<group>";
		};
/* End PBXVariantGroup section */

/* Begin XCBuildConfiguration section */
		FCAAE8012019B6FE0040EB8B /* Debug */ = {
			isa = XCBuildConfiguration;
			buildSettings = {
				ALWAYS_SEARCH_USER_PATHS = NO;
				CLANG_ANALYZER_NONNULL = YES;
				CLANG_ANALYZER_NUMBER_OBJECT_CONVERSION = YES_AGGRESSIVE;
				CLANG_CXX_LANGUAGE_STANDARD = "gnu++14";
				CLANG_CXX_LIBRARY = "libc++";
				CLANG_ENABLE_MODULES = YES;
				CLANG_ENABLE_OBJC_ARC = YES;
				CLANG_WARN_BLOCK_CAPTURE_AUTORELEASING = YES;
				CLANG_WARN_BOOL_CONVERSION = YES;
				CLANG_WARN_COMMA = YES;
				CLANG_WARN_CONSTANT_CONVERSION = YES;
				CLANG_WARN_DIRECT_OBJC_ISA_USAGE = YES_ERROR;
				CLANG_WARN_DOCUMENTATION_COMMENTS = YES;
				CLANG_WARN_EMPTY_BODY = YES;
				CLANG_WARN_ENUM_CONVERSION = YES;
				CLANG_WARN_INFINITE_RECURSION = YES;
				CLANG_WARN_INT_CONVERSION = YES;
				CLANG_WARN_NON_LITERAL_NULL_CONVERSION = YES;
				CLANG_WARN_OBJC_LITERAL_CONVERSION = YES;
				CLANG_WARN_OBJC_ROOT_CLASS = YES_ERROR;
				CLANG_WARN_RANGE_LOOP_ANALYSIS = YES;
				CLANG_WARN_STRICT_PROTOTYPES = YES;
				CLANG_WARN_SUSPICIOUS_MOVE = YES;
				CLANG_WARN_UNGUARDED_AVAILABILITY = YES_AGGRESSIVE;
				CLANG_WARN_UNREACHABLE_CODE = YES;
				CLANG_WARN__DUPLICATE_METHOD_MATCH = YES;
				CODE_SIGN_IDENTITY = "iPhone Developer";
				COPY_PHASE_STRIP = NO;
				DEBUG_INFORMATION_FORMAT = dwarf;
				ENABLE_STRICT_OBJC_MSGSEND = YES;
				ENABLE_TESTABILITY = YES;
				GCC_C_LANGUAGE_STANDARD = gnu11;
				GCC_DYNAMIC_NO_PIC = NO;
				GCC_NO_COMMON_BLOCKS = YES;
				GCC_OPTIMIZATION_LEVEL = 0;
				GCC_PREPROCESSOR_DEFINITIONS = (
					"DEBUG=1",
					"$(inherited)",
				);
				GCC_WARN_64_TO_32_BIT_CONVERSION = YES;
				GCC_WARN_ABOUT_RETURN_TYPE = YES_ERROR;
				GCC_WARN_UNDECLARED_SELECTOR = YES;
				GCC_WARN_UNINITIALIZED_AUTOS = YES_AGGRESSIVE;
				GCC_WARN_UNUSED_FUNCTION = YES;
				GCC_WARN_UNUSED_VARIABLE = YES;
				IPHONEOS_DEPLOYMENT_TARGET = 11.2;
				MTL_ENABLE_DEBUG_INFO = YES;
				ONLY_ACTIVE_ARCH = YES;
				SDKROOT = iphoneos;
			};
			name = Debug;
		};
		FCAAE8022019B6FE0040EB8B /* Release */ = {
			isa = XCBuildConfiguration;
			buildSettings = {
				ALWAYS_SEARCH_USER_PATHS = NO;
				CLANG_ANALYZER_NONNULL = YES;
				CLANG_ANALYZER_NUMBER_OBJECT_CONVERSION = YES_AGGRESSIVE;
				CLANG_CXX_LANGUAGE_STANDARD = "gnu++14";
				CLANG_CXX_LIBRARY = "libc++";
				CLANG_ENABLE_MODULES = YES;
				CLANG_ENABLE_OBJC_ARC = YES;
				CLANG_WARN_BLOCK_CAPTURE_AUTORELEASING = YES;
				CLANG_WARN_BOOL_CONVERSION = YES;
				CLANG_WARN_COMMA = YES;
				CLANG_WARN_CONSTANT_CONVERSION = YES;
				CLANG_WARN_DIRECT_OBJC_ISA_USAGE = YES_ERROR;
				CLANG_WARN_DOCUMENTATION_COMMENTS = YES;
				CLANG_WARN_EMPTY_BODY = YES;
				CLANG_WARN_ENUM_CONVERSION = YES;
				CLANG_WARN_INFINITE_RECURSION = YES;
				CLANG_WARN_INT_CONVERSION = YES;
				CLANG_WARN_NON_LITERAL_NULL_CONVERSION = YES;
				CLANG_WARN_OBJC_LITERAL_CONVERSION = YES;
				CLANG_WARN_OBJC_ROOT_CLASS = YES_ERROR;
				CLANG_WARN_RANGE_LOOP_ANALYSIS = YES;
				CLANG_WARN_STRICT_PROTOTYPES = YES;
				CLANG_WARN_SUSPICIOUS_MOVE = YES;
				CLANG_WARN_UNGUARDED_AVAILABILITY = YES_AGGRESSIVE;
				CLANG_WARN_UNREACHABLE_CODE = YES;
				CLANG_WARN__DUPLICATE_METHOD_MATCH = YES;
				CODE_SIGN_IDENTITY = "iPhone Developer";
				COPY_PHASE_STRIP = NO;
				DEBUG_INFORMATION_FORMAT = "dwarf-with-dsym";
				ENABLE_NS_ASSERTIONS = NO;
				ENABLE_STRICT_OBJC_MSGSEND = YES;
				GCC_C_LANGUAGE_STANDARD = gnu11;
				GCC_NO_COMMON_BLOCKS = YES;
				GCC_WARN_64_TO_32_BIT_CONVERSION = YES;
				GCC_WARN_ABOUT_RETURN_TYPE = YES_ERROR;
				GCC_WARN_UNDECLARED_SELECTOR = YES;
				GCC_WARN_UNINITIALIZED_AUTOS = YES_AGGRESSIVE;
				GCC_WARN_UNUSED_FUNCTION = YES;
				GCC_WARN_UNUSED_VARIABLE = YES;
				IPHONEOS_DEPLOYMENT_TARGET = 11.2;
				MTL_ENABLE_DEBUG_INFO = NO;
				SDKROOT = iphoneos;
				VALIDATE_PRODUCT = YES;
			};
			name = Release;
		};
		FCAAE8042019B6FE0040EB8B /* Debug */ = {
			isa = XCBuildConfiguration;
			buildSettings = {
				ASSETCATALOG_COMPILER_APPICON_NAME = AppIcon;
				CODE_SIGN_STYLE = Automatic;
				DEVELOPMENT_TEAM = SXXSWCEF9M;
				INFOPLIST_FILE = DVDGitPod/Info.plist;
				LD_RUNPATH_SEARCH_PATHS = "$(inherited) @executable_path/Frameworks";
				PRODUCT_BUNDLE_IDENTIFIER = com.shareDemo.DVDGitPod;
				PRODUCT_NAME = "$(TARGET_NAME)";
				TARGETED_DEVICE_FAMILY = "1,2";
			};
			name = Debug;
		};
		FCAAE8052019B6FE0040EB8B /* Release */ = {
			isa = XCBuildConfiguration;
			buildSettings = {
				ASSETCATALOG_COMPILER_APPICON_NAME = AppIcon;
				CODE_SIGN_STYLE = Automatic;
				DEVELOPMENT_TEAM = SXXSWCEF9M;
				INFOPLIST_FILE = DVDGitPod/Info.plist;
				LD_RUNPATH_SEARCH_PATHS = "$(inherited) @executable_path/Frameworks";
				PRODUCT_BUNDLE_IDENTIFIER = com.shareDemo.DVDGitPod;
				PRODUCT_NAME = "$(TARGET_NAME)";
				TARGETED_DEVICE_FAMILY = "1,2";
			};
			name = Release;
		};
/* End XCBuildConfiguration section */

/* Begin XCConfigurationList section */
		FCAAE7E82019B6FE0040EB8B /* Build configuration list for PBXProject "DVDGitPod" */ = {
			isa = XCConfigurationList;
			buildConfigurations = (
				FCAAE8012019B6FE0040EB8B /* Debug */,
				FCAAE8022019B6FE0040EB8B /* Release */,
			);
			defaultConfigurationIsVisible = 0;
			defaultConfigurationName = Release;
		};
		FCAAE8032019B6FE0040EB8B /* Build configuration list for PBXNativeTarget "DVDGitPod" */ = {
			isa = XCConfigurationList;
			buildConfigurations = (
				FCAAE8042019B6FE0040EB8B /* Debug */,
				FCAAE8052019B6FE0040EB8B /* Release */,
			);
			defaultConfigurationIsVisible = 0;
			defaultConfigurationName = Release;
		};
/* End XCConfigurationList section */
	};
	rootObject = FCAAE7E52019B6FE0040EB8B /* Project object */;
}
